
Microsoft Visual Studio Solution File, Format Version 12.00
# Visual Studio Version 17
VisualStudioVersion = 17.7.34031.279
MinimumVisualStudioVersion = 10.0.40219.1
Project("{FAE04EC0-301F-11D3-BF4B-00C04F79EFBC}") = "IdentityApp.Web", "IdentityApp.Web\IdentityApp.Web.csproj", "{015318CD-5D42-4138-8C93-0D3EF2673475}"
EndProject
Global
	GlobalSection(SolutionConfigurationPlatforms) = preSolution
		Debug|Any CPU = Debug|Any CPU
		Release|Any CPU = Release|Any CPU
	EndGlobalSection
	GlobalSection(ProjectConfigurationPlatforms) = postSolution
		{015318CD-5D42-4138-8C93-0D3EF2673475}.Debug|Any CPU.ActiveCfg = Debug|Any CPU
		{015318CD-5D42-4138-8C93-0D3EF2673475}.Debug|Any CPU.Build.0 = Debug|Any CPU
		{015318CD-5D42-4138-8C93-0D3EF2673475}.Release|Any CPU.ActiveCfg = Release|Any CPU
		{015318CD-5D42-4138-8C93-0D3EF2673475}.Release|Any CPU.Build.0 = Release|Any CPU
	EndGlobalSection
	GlobalSection(SolutionProperties) = preSolution
		HideSolutionNode = FALSE
	EndGlobalSection
	GlobalSection(ExtensibilityGlobals) = postSolution
		SolutionGuid = {335EB3E6-3EA1-4019-BDF7-E21C052137B7}
	EndGlobalSection
EndGlobal
